{
  "object": {
    "pins": [
      {
        "package": "CommandLineKit",
        "repositoryURL": "https://github.com/fivegreenapples/CommandLine",
        "state": {
          "branch": null,
          "revision": "b90ec2b1ce468ba52cab0a300fc27dde0c542790",
          "version": "3.1.0"
        }
      }
    ]
  },
  "version": 1
}
